
Microsoft Visual Studio Solution File, Format Version 12.00
# Visual Studio Version 17
VisualStudioVersion = 17.5.33516.290
MinimumVisualStudioVersion = 10.0.40219.1
Project("{FAE04EC0-301F-11D3-BF4B-00C04F79EFBC}") = "Testik", "Testik.csproj", "{BA968E89-6E8A-4484-80A3-F52AA60996F7}"
EndProject
Global
	GlobalSection(SolutionConfigurationPlatforms) = preSolution
		Debug|Any CPU = Debug|Any CPU
		Release|Any CPU = Release|Any CPU
	EndGlobalSection
	GlobalSection(ProjectConfigurationPlatforms) = postSolution
		{BA968E89-6E8A-4484-80A3-F52AA60996F7}.Debug|Any CPU.ActiveCfg = Debug|Any CPU
		{BA968E89-6E8A-4484-80A3-F52AA60996F7}.Debug|Any CPU.Build.0 = Debug|Any CPU
		{BA968E89-6E8A-4484-80A3-F52AA60996F7}.Release|Any CPU.ActiveCfg = Release|Any CPU
		{BA968E89-6E8A-4484-80A3-F52AA60996F7}.Release|Any CPU.Build.0 = Release|Any CPU
	EndGlobalSection
	GlobalSection(SolutionProperties) = preSolution
		HideSolutionNode = FALSE
	EndGlobalSection
	GlobalSection(ExtensibilityGlobals) = postSolution
		SolutionGuid = {1C8CAAFB-09E2-4461-9424-0E7EB1BD44E3}
	EndGlobalSection
EndGlobal
